
Microsoft Visual Studio Solution File, Format Version 12.00
# Visual Studio Version 17
VisualStudioVersion = 17.14.36511.14 d17.14
MinimumVisualStudioVersion = 10.0.40219.1
Project("{FAE04EC0-301F-11D3-BF4B-00C04F79EFBC}") = "lab2", "lab2\lab2.csproj", "{49C10463-2B80-4E92-9558-17C23FEC53D9}"
EndProject
Global
	GlobalSection(SolutionConfigurationPlatforms) = preSolution
		Debug|Any CPU = Debug|Any CPU
		Release|Any CPU = Release|Any CPU
	EndGlobalSection
	GlobalSection(ProjectConfigurationPlatforms) = postSolution
		{49C10463-2B80-4E92-9558-17C23FEC53D9}.Debug|Any CPU.ActiveCfg = Debug|Any CPU
		{49C10463-2B80-4E92-9558-17C23FEC53D9}.Debug|Any CPU.Build.0 = Debug|Any CPU
		{49C10463-2B80-4E92-9558-17C23FEC53D9}.Release|Any CPU.ActiveCfg = Release|Any CPU
		{49C10463-2B80-4E92-9558-17C23FEC53D9}.Release|Any CPU.Build.0 = Release|Any CPU
	EndGlobalSection
	GlobalSection(SolutionProperties) = preSolution
		HideSolutionNode = FALSE
	EndGlobalSection
	GlobalSection(ExtensibilityGlobals) = postSolution
		SolutionGuid = {78D06C63-FD6F-42EC-A303-05C85DA665CC}
	EndGlobalSection
EndGlobal
